
Microsoft Visual Studio Solution File, Format Version 12.00
# Visual Studio Version 16
VisualStudioVersion = 16.0.30804.86
MinimumVisualStudioVersion = 10.0.40219.1
Project("{9092AA53-FB77-4645-B42D-1CCCA6BD08BD}") = "CharacterPage", "CharacterPage\CharacterPage.njsproj", "{5DE57E34-33B9-4435-ADEF-6D9E4D39D62C}"
EndProject
Global
	GlobalSection(SolutionConfigurationPlatforms) = preSolution
		Debug|Any CPU = Debug|Any CPU
		Release|Any CPU = Release|Any CPU
	EndGlobalSection
	GlobalSection(ProjectConfigurationPlatforms) = postSolution
		{5DE57E34-33B9-4435-ADEF-6D9E4D39D62C}.Debug|Any CPU.ActiveCfg = Debug|Any CPU
		{5DE57E34-33B9-4435-ADEF-6D9E4D39D62C}.Debug|Any CPU.Build.0 = Debug|Any CPU
		{5DE57E34-33B9-4435-ADEF-6D9E4D39D62C}.Release|Any CPU.ActiveCfg = Release|Any CPU
		{5DE57E34-33B9-4435-ADEF-6D9E4D39D62C}.Release|Any CPU.Build.0 = Release|Any CPU
	EndGlobalSection
	GlobalSection(SolutionProperties) = preSolution
		HideSolutionNode = FALSE
	EndGlobalSection
	GlobalSection(ExtensibilityGlobals) = postSolution
		SolutionGuid = {E40AE467-7D32-4EE4-96EE-EC82F237CCFC}
	EndGlobalSection
EndGlobal
